
Microsoft Visual Studio Solution File, Format Version 12.00
# Visual Studio Version 17
VisualStudioVersion = 17.2.32414.248
MinimumVisualStudioVersion = 10.0.40219.1
Project("{9A19103F-16F7-4668-BE54-9A1E7A4F7556}") = "TangyWeb_Server", "TangyWeb_Server\TangyWeb_Server.csproj", "{9AB33F7F-1C6E-4389-B328-C34300789713}"
EndProject
Project("{9A19103F-16F7-4668-BE54-9A1E7A4F7556}") = "TangyWeb_Client", "TangyWeb_Client\TangyWeb_Client.csproj", "{A7B88DF5-E22E-483A-B7EF-0DC04CCB1EAA}"
EndProject
Project("{9A19103F-16F7-4668-BE54-9A1E7A4F7556}") = "Tangy_Models", "Tangy_Models\Tangy_Models.csproj", "{666D058E-3093-4D15-AD14-9F24AD4389D3}"
EndProject
Project("{9A19103F-16F7-4668-BE54-9A1E7A4F7556}") = "Tangy_Business", "Tangy_Business\Tangy_Business.csproj", "{670D9725-39D8-4812-A110-4917E0F9D7E6}"
EndProject
Project("{9A19103F-16F7-4668-BE54-9A1E7A4F7556}") = "Tangy_Common", "Tangy_Common\Tangy_Common.csproj", "{D9D9FE35-CD4B-48CA-A210-3CFA23631486}"
EndProject
Project("{9A19103F-16F7-4668-BE54-9A1E7A4F7556}") = "Tangy_DataAccess", "Tangy_DataAccess\Tangy_DataAccess.csproj", "{2B6065C6-2A18-442B-B2FE-01AC5E573E5A}"
EndProject
Global
	GlobalSection(SolutionConfigurationPlatforms) = preSolution
		Debug|Any CPU = Debug|Any CPU
		Release|Any CPU = Release|Any CPU
	EndGlobalSection
	GlobalSection(ProjectConfigurationPlatforms) = postSolution
		{9AB33F7F-1C6E-4389-B328-C34300789713}.Debug|Any CPU.ActiveCfg = Debug|Any CPU
		{9AB33F7F-1C6E-4389-B328-C34300789713}.Debug|Any CPU.Build.0 = Debug|Any CPU
		{9AB33F7F-1C6E-4389-B328-C34300789713}.Release|Any CPU.ActiveCfg = Release|Any CPU
		{9AB33F7F-1C6E-4389-B328-C34300789713}.Release|Any CPU.Build.0 = Release|Any CPU
		{A7B88DF5-E22E-483A-B7EF-0DC04CCB1EAA}.Debug|Any CPU.ActiveCfg = Debug|Any CPU
		{A7B88DF5-E22E-483A-B7EF-0DC04CCB1EAA}.Debug|Any CPU.Build.0 = Debug|Any CPU
		{A7B88DF5-E22E-483A-B7EF-0DC04CCB1EAA}.Release|Any CPU.ActiveCfg = Release|Any CPU
		{A7B88DF5-E22E-483A-B7EF-0DC04CCB1EAA}.Release|Any CPU.Build.0 = Release|Any CPU
		{666D058E-3093-4D15-AD14-9F24AD4389D3}.Debug|Any CPU.ActiveCfg = Debug|Any CPU
		{666D058E-3093-4D15-AD14-9F24AD4389D3}.Debug|Any CPU.Build.0 = Debug|Any CPU
		{666D058E-3093-4D15-AD14-9F24AD4389D3}.Release|Any CPU.ActiveCfg = Release|Any CPU
		{666D058E-3093-4D15-AD14-9F24AD4389D3}.Release|Any CPU.Build.0 = Release|Any CPU
		{670D9725-39D8-4812-A110-4917E0F9D7E6}.Debug|Any CPU.ActiveCfg = Debug|Any CPU
		{670D9725-39D8-4812-A110-4917E0F9D7E6}.Debug|Any CPU.Build.0 = Debug|Any CPU
		{670D9725-39D8-4812-A110-4917E0F9D7E6}.Release|Any CPU.ActiveCfg = Release|Any CPU
		{670D9725-39D8-4812-A110-4917E0F9D7E6}.Release|Any CPU.Build.0 = Release|Any CPU
		{D9D9FE35-CD4B-48CA-A210-3CFA23631486}.Debug|Any CPU.ActiveCfg = Debug|Any CPU
		{D9D9FE35-CD4B-48CA-A210-3CFA23631486}.Debug|Any CPU.Build.0 = Debug|Any CPU
		{D9D9FE35-CD4B-48CA-A210-3CFA23631486}.Release|Any CPU.ActiveCfg = Release|Any CPU
		{D9D9FE35-CD4B-48CA-A210-3CFA23631486}.Release|Any CPU.Build.0 = Release|Any CPU
		{2B6065C6-2A18-442B-B2FE-01AC5E573E5A}.Debug|Any CPU.ActiveCfg = Debug|Any CPU
		{2B6065C6-2A18-442B-B2FE-01AC5E573E5A}.Debug|Any CPU.Build.0 = Debug|Any CPU
		{2B6065C6-2A18-442B-B2FE-01AC5E573E5A}.Release|Any CPU.ActiveCfg = Release|Any CPU
		{2B6065C6-2A18-442B-B2FE-01AC5E573E5A}.Release|Any CPU.Build.0 = Release|Any CPU
	EndGlobalSection
	GlobalSection(SolutionProperties) = preSolution
		HideSolutionNode = FALSE
	EndGlobalSection
	GlobalSection(ExtensibilityGlobals) = postSolution
		SolutionGuid = {D14F90ED-5422-494C-BA7F-DA85379966E3}
	EndGlobalSection
EndGlobal
